
Microsoft Visual Studio Solution File, Format Version 12.00
# Visual Studio Version 16
VisualStudioVersion = 16.0.32510.428
MinimumVisualStudioVersion = 10.0.40219.1
Project("{FAE04EC0-301F-11D3-BF4B-00C04F79EFBC}") = "ConsoleStrategy", "ConsoleStrategy\ConsoleStrategy.csproj", "{D8F282F8-D4D8-4CBE-B49D-0915198E8E91}"
EndProject
Global
	GlobalSection(SolutionConfigurationPlatforms) = preSolution
		Debug|Any CPU = Debug|Any CPU
		Release|Any CPU = Release|Any CPU
	EndGlobalSection
	GlobalSection(ProjectConfigurationPlatforms) = postSolution
		{D8F282F8-D4D8-4CBE-B49D-0915198E8E91}.Debug|Any CPU.ActiveCfg = Debug|Any CPU
		{D8F282F8-D4D8-4CBE-B49D-0915198E8E91}.Debug|Any CPU.Build.0 = Debug|Any CPU
		{D8F282F8-D4D8-4CBE-B49D-0915198E8E91}.Release|Any CPU.ActiveCfg = Release|Any CPU
		{D8F282F8-D4D8-4CBE-B49D-0915198E8E91}.Release|Any CPU.Build.0 = Release|Any CPU
	EndGlobalSection
	GlobalSection(SolutionProperties) = preSolution
		HideSolutionNode = FALSE
	EndGlobalSection
	GlobalSection(ExtensibilityGlobals) = postSolution
		SolutionGuid = {993E6B71-2F80-4494-B3DC-F2788AC19CE2}
	EndGlobalSection
EndGlobal
